dependencies:
  espressif/cjson:
    dependencies: []
    source:
      path: /Users/hubert/Documents/VSCodeProjects/esp32/PUTM_EV_LAPTIMER/firmware/components/espressif__cjson
      type: local
    version: 1.7.19
  espressif/mdns:
    dependencies: []
    source:
      path: /Users/hubert/Documents/VSCodeProjects/esp32/PUTM_EV_LAPTIMER/firmware/components/espressif__mdns
      type: local
    version: 1.9.1
  idf:
    source:
      type: idf
    version: 6.0.0
direct_dependencies:
- espressif/cjson
- espressif/mdns
- idf
manifest_hash: f92e3c35cdc7c744da4250de858a4629b2bfe457834bf774f775fd0ce224d35d
target: esp32s3
version: 2.0.0
